lockVersion: 2.0.0
id: 99e05ebb-4ad5-4722-8e97-3495863e6df3
management:
  docChecksum: a29acad7c0d9bafc3f254157be1f47dd
  docVersion: 0.2.0
  speakeasyVersion: 1.666.0
  generationVersion: 2.768.0
  releaseVersion: 0.0.2
  configChecksum: 41c61e8bbfbb148b9000cfc268e30e82
features:
  typescript:
    additionalDependencies: 0.1.0
    constsAndDefaults: 0.1.12
    core: 3.26.13
    defaultEnabledRetries: 0.1.0
    enumUnions: 0.1.0
    envVarSecurityUsage: 0.1.2
    globalSecurity: 2.82.14
    globalSecurityCallbacks: 0.1.0
    globalSecurityFlattening: 0.1.0
    globalServerURLs: 2.83.0
    methodArguments: 0.1.2
    nullables: 0.1.1
    responseFormat: 0.2.3
    retries: 2.83.0
    sdkHooks: 0.4.0
generatedFiles:
  - .gitattributes
  - .npmignore
  - FUNCTIONS.md
  - RUNTIMES.md
  - USAGE.md
  - docs/lib/utils/retryconfig.md
  - docs/models/button.md
  - docs/models/capabilities.md
  - docs/models/channel.md
  - docs/models/contact.md
  - docs/models/contactupdaterequest.md
  - docs/models/errors/errort.md
  - docs/models/message.md
  - docs/models/messagecontent.md
  - docs/models/messagecontentcontact.md
  - docs/models/messagerequest.md
  - docs/models/messageresponse.md
  - docs/models/messagestatus.md
  - docs/models/messagetype.md
  - docs/models/operations/deletesenderrequest.md
  - docs/models/operations/deletetemplaterequest.md
  - docs/models/operations/getcontactbyphonerequest.md
  - docs/models/operations/getcontactrequest.md
  - docs/models/operations/getmessagerequest.md
  - docs/models/operations/getsenderrequest.md
  - docs/models/operations/gettemplaterequest.md
  - docs/models/operations/listcontactsrequest.md
  - docs/models/operations/listcontactsresponse.md
  - docs/models/operations/listmessagesrequest.md
  - docs/models/operations/listmessagesresponse.md
  - docs/models/operations/listsendersresponse.md
  - docs/models/operations/listtemplatesresponse.md
  - docs/models/operations/sendmessagerequest.md
  - docs/models/operations/sendreactionrequest.md
  - docs/models/operations/updatecontactrequest.md
  - docs/models/operations/updatesenderrequest.md
  - docs/models/phoneintrospectionrequest.md
  - docs/models/phoneintrospectionresponse.md
  - docs/models/reactionrequest.md
  - docs/models/row.md
  - docs/models/section.md
  - docs/models/security.md
  - docs/models/sender.md
  - docs/models/sendercreaterequest.md
  - docs/models/senderupdaterequest.md
  - docs/models/status.md
  - docs/models/template.md
  - docs/models/templatecreaterequest.md
  - docs/models/whatsappcategory.md
  - docs/sdks/sdk/README.md
  - eslint.config.mjs
  - examples/.env.template
  - examples/README.md
  - examples/package.json
  - examples/sendMessage.example.ts
  - jsr.json
  - package.json
  - src/core.ts
  - src/funcs/createSender.ts
  - src/funcs/createTemplate.ts
  - src/funcs/deleteSender.ts
  - src/funcs/deleteTemplate.ts
  - src/funcs/getContact.ts
  - src/funcs/getContactByPhone.ts
  - src/funcs/getMessage.ts
  - src/funcs/getSender.ts
  - src/funcs/getTemplate.ts
  - src/funcs/introspectPhone.ts
  - src/funcs/listContacts.ts
  - src/funcs/listMessages.ts
  - src/funcs/listSenders.ts
  - src/funcs/listTemplates.ts
  - src/funcs/sendMessage.ts
  - src/funcs/sendReaction.ts
  - src/funcs/updateContact.ts
  - src/funcs/updateSender.ts
  - src/hooks/hooks.ts
  - src/hooks/index.ts
  - src/hooks/types.ts
  - src/index.ts
  - src/lib/base64.ts
  - src/lib/config.ts
  - src/lib/dlv.ts
  - src/lib/encodings.ts
  - src/lib/files.ts
  - src/lib/http.ts
  - src/lib/is-plain-object.ts
  - src/lib/logger.ts
  - src/lib/matchers.ts
  - src/lib/primitives.ts
  - src/lib/retries.ts
  - src/lib/schemas.ts
  - src/lib/sdks.ts
  - src/lib/security.ts
  - src/lib/url.ts
  - src/models/channel.ts
  - src/models/contact.ts
  - src/models/contactupdaterequest.ts
  - src/models/errors/error.ts
  - src/models/errors/httpclienterrors.ts
  - src/models/errors/index.ts
  - src/models/errors/responsevalidationerror.ts
  - src/models/errors/sdkdefaulterror.ts
  - src/models/errors/sdkerror.ts
  - src/models/errors/sdkvalidationerror.ts
  - src/models/index.ts
  - src/models/message.ts
  - src/models/messagecontent.ts
  - src/models/messagerequest.ts
  - src/models/messageresponse.ts
  - src/models/messagestatus.ts
  - src/models/messagetype.ts
  - src/models/operations/deletesender.ts
  - src/models/operations/deletetemplate.ts
  - src/models/operations/getcontact.ts
  - src/models/operations/getcontactbyphone.ts
  - src/models/operations/getmessage.ts
  - src/models/operations/getsender.ts
  - src/models/operations/gettemplate.ts
  - src/models/operations/index.ts
  - src/models/operations/listcontacts.ts
  - src/models/operations/listmessages.ts
  - src/models/operations/listsenders.ts
  - src/models/operations/listtemplates.ts
  - src/models/operations/sendmessage.ts
  - src/models/operations/sendreaction.ts
  - src/models/operations/updatecontact.ts
  - src/models/operations/updatesender.ts
  - src/models/phoneintrospectionrequest.ts
  - src/models/phoneintrospectionresponse.ts
  - src/models/reactionrequest.ts
  - src/models/security.ts
  - src/models/sender.ts
  - src/models/sendercreaterequest.ts
  - src/models/senderupdaterequest.ts
  - src/models/template.ts
  - src/models/templatecreaterequest.ts
  - src/models/whatsappcategory.ts
  - src/sdk/index.ts
  - src/sdk/sdk.ts
  - src/types/async.ts
  - src/types/blobs.ts
  - src/types/constdatetime.ts
  - src/types/defaultToZeroValue.ts
  - src/types/enums.ts
  - src/types/fp.ts
  - src/types/index.ts
  - src/types/operations.ts
  - src/types/primitives.ts
  - src/types/rfcdate.ts
  - src/types/smartUnion.ts
  - src/types/streams.ts
  - src/types/unrecognized.ts
  - temp/example.ts
  - tsconfig.json
examples:
  sendMessage:
    sms:
      parameters:
        header:
          Zavu-Sender: "sender_12345"
      requestBody:
        application/json: {"to": "+56912345678", "text": "Your verification code is 123456"}
      responses:
        "202":
          application/json: {"message": {"id": "jd7x2k3m4n5p6q7r8s9t0", "to": "+56912345678", "from": "+13125551212", "senderId": "sender_12345", "channel": "sms", "messageType": "contact", "status": "failed", "content": {"mediaUrl": "https://example.com/image.jpg", "mimeType": "image/jpeg", "filename": "invoice.pdf", "templateVariables": {"1": "John", "2": "ORD-12345"}}, "createdAt": "2025-08-27T19:44:02.161Z"}}
        "400":
          application/json: {"code": "invalid_request", "message": "Phone number is invalid"}
        "500":
          application/json: {"code": "invalid_request", "message": "Phone number is invalid"}
    whatsapp_text:
      parameters:
        header:
          Zavu-Sender: "sender_12345"
      requestBody:
        application/json: {"to": "+56912345678", "channel": "whatsapp", "text": "Hello from Zavu!"}
      responses:
        "202":
          application/json: {"message": {"id": "jd7x2k3m4n5p6q7r8s9t0", "to": "+56912345678", "from": "+13125551212", "senderId": "sender_12345", "channel": "sms", "messageType": "contact", "status": "failed", "content": {"mediaUrl": "https://example.com/image.jpg", "mimeType": "image/jpeg", "filename": "invoice.pdf", "templateVariables": {"1": "John", "2": "ORD-12345"}}, "createdAt": "2025-08-27T19:44:02.161Z"}}
        "400":
          application/json: {"code": "invalid_request", "message": "Phone number is invalid"}
        "500":
          application/json: {"code": "invalid_request", "message": "Phone number is invalid"}
    whatsapp_image:
      parameters:
        header:
          Zavu-Sender: "sender_12345"
      requestBody:
        application/json: {"to": "+56912345678", "messageType": "image", "text": "Check out this product!", "content": {"mediaUrl": "https://example.com/product.jpg"}}
      responses:
        "202":
          application/json: {"message": {"id": "jd7x2k3m4n5p6q7r8s9t0", "to": "+56912345678", "from": "+13125551212", "senderId": "sender_12345", "channel": "sms", "messageType": "contact", "status": "failed", "content": {"mediaUrl": "https://example.com/image.jpg", "mimeType": "image/jpeg", "filename": "invoice.pdf", "templateVariables": {"1": "John", "2": "ORD-12345"}}, "createdAt": "2025-08-27T19:44:02.161Z"}}
        "400":
          application/json: {"code": "invalid_request", "message": "Phone number is invalid"}
        "500":
          application/json: {"code": "invalid_request", "message": "Phone number is invalid"}
    whatsapp_buttons:
      parameters:
        header:
          Zavu-Sender: "sender_12345"
      requestBody:
        application/json: {"to": "+56912345678", "messageType": "buttons", "text": "How would you rate your experience?", "content": {"buttons": [{"id": "great", "title": "Great!"}, {"id": "okay", "title": "It was okay"}, {"id": "poor", "title": "Not good"}]}}
      responses:
        "202":
          application/json: {"message": {"id": "jd7x2k3m4n5p6q7r8s9t0", "to": "+56912345678", "from": "+13125551212", "senderId": "sender_12345", "channel": "sms", "messageType": "contact", "status": "failed", "content": {"mediaUrl": "https://example.com/image.jpg", "mimeType": "image/jpeg", "filename": "invoice.pdf", "templateVariables": {"1": "John", "2": "ORD-12345"}}, "createdAt": "2025-08-27T19:44:02.161Z"}}
        "400":
          application/json: {"code": "invalid_request", "message": "Phone number is invalid"}
        "500":
          application/json: {"code": "invalid_request", "message": "Phone number is invalid"}
    whatsapp_template:
      parameters:
        header:
          Zavu-Sender: "sender_12345"
      requestBody:
        application/json: {"to": "+56912345678", "messageType": "template", "content": {"templateId": "tmpl_abc123", "templateVariables": {"1": "John", "2": "ORD-12345"}}}
      responses:
        "202":
          application/json: {"message": {"id": "jd7x2k3m4n5p6q7r8s9t0", "to": "+56912345678", "from": "+13125551212", "senderId": "sender_12345", "channel": "sms", "messageType": "contact", "status": "failed", "content": {"mediaUrl": "https://example.com/image.jpg", "mimeType": "image/jpeg", "filename": "invoice.pdf", "templateVariables": {"1": "John", "2": "ORD-12345"}}, "createdAt": "2025-08-27T19:44:02.161Z"}}
        "400":
          application/json: {"code": "invalid_request", "message": "Phone number is invalid"}
        "500":
          application/json: {"code": "invalid_request", "message": "Phone number is invalid"}
    window_closed:
      parameters:
        header:
          Zavu-Sender: "sender_12345"
      requestBody:
        application/json: {"to": "+56912345678", "text": "Your verification code is 123456.", "content": {"mediaUrl": "https://example.com/image.jpg", "mimeType": "image/jpeg", "filename": "invoice.pdf", "templateVariables": {"1": "John", "2": "ORD-12345"}}, "idempotencyKey": "msg_01HZY4ZP7VQY2J3BRW7Z6G0QGE"}
      responses:
        "400":
          application/json: {"code": "whatsapp_window_closed", "message": "WhatsApp 24-hour window is not open. Use a template message or wait for user to message first."}
        "500":
          application/json: {"code": "whatsapp_window_closed", "message": "WhatsApp 24-hour window is not open. Use a template message or wait for user to message first."}
  listMessages:
    speakeasy-default-list-messages:
      parameters:
        query:
          limit: 50
      responses:
        "200":
          application/json: {"items": []}
        "401":
          application/json: {"code": "invalid_request", "message": "Phone number is invalid"}
  getMessage:
    speakeasy-default-get-message:
      parameters:
        path:
          messageId: "<id>"
      responses:
        "200":
          application/json: {"message": {"id": "jd7x2k3m4n5p6q7r8s9t0", "to": "+56912345678", "from": "+13125551212", "senderId": "sender_12345", "channel": "whatsapp", "messageType": "text", "status": "queued", "content": {"mediaUrl": "https://example.com/image.jpg", "mimeType": "image/jpeg", "filename": "invoice.pdf", "templateVariables": {"1": "John", "2": "ORD-12345"}}, "createdAt": "2023-02-18T07:11:13.852Z"}}
        "401":
          application/json: {"code": "invalid_request", "message": "Phone number is invalid"}
  sendReaction:
    speakeasy-default-send-reaction:
      parameters:
        path:
          messageId: "<id>"
        header:
          Zavu-Sender: "sender_12345"
      requestBody:
        application/json: {"emoji": "\U0001F44D"}
      responses:
        "202":
          application/json: {"message": {"id": "jd7x2k3m4n5p6q7r8s9t0", "to": "+56912345678", "from": "+13125551212", "senderId": "sender_12345", "channel": "whatsapp", "messageType": "list", "status": "failed", "content": {"mediaUrl": "https://example.com/image.jpg", "mimeType": "image/jpeg", "filename": "invoice.pdf", "templateVariables": {"1": "John", "2": "ORD-12345"}}, "createdAt": "2025-11-21T04:36:32.962Z"}}
        "400":
          application/json: {"code": "invalid_request", "message": "Phone number is invalid"}
    not_whatsapp:
      parameters:
        path:
          messageId: "<id>"
        header:
          Zavu-Sender: "sender_12345"
      requestBody:
        application/json: {"emoji": "\U0001F44D"}
      responses:
        "400":
          application/json: {"code": "bad_request", "message": "Reactions are only supported for WhatsApp messages"}
  listTemplates:
    speakeasy-default-list-templates:
      responses:
        "200":
          application/json: {"items": []}
        "401":
          application/json: {"code": "invalid_request", "message": "Phone number is invalid"}
  createTemplate:
    speakeasy-default-create-template:
      requestBody:
        application/json: {"name": "<value>", "language": "en", "body": "<value>"}
      responses:
        "201":
          application/json: {"id": "<id>", "name": "order_confirmation", "language": "en", "body": "Hi {{1}}, your order {{2}} has shipped.", "category": "AUTHENTICATION", "status": "pending"}
        "400":
          application/json: {"code": "invalid_request", "message": "Phone number is invalid"}
  getTemplate:
    speakeasy-default-get-template:
      parameters:
        path:
          templateId: "<id>"
      responses:
        "200":
          application/json: {"id": "<id>", "name": "order_confirmation", "language": "en", "body": "Hi {{1}}, your order {{2}} has shipped.", "category": "MARKETING", "status": "pending"}
        "401":
          application/json: {"code": "invalid_request", "message": "Phone number is invalid"}
  deleteTemplate:
    speakeasy-default-delete-template:
      parameters:
        path:
          templateId: "<id>"
      responses:
        "401":
          application/json: {"code": "invalid_request", "message": "Phone number is invalid"}
  listSenders:
    speakeasy-default-list-senders:
      responses:
        "200":
          application/json: {"items": []}
        "401":
          application/json: {"code": "invalid_request", "message": "Phone number is invalid"}
  createSender:
    speakeasy-default-create-sender:
      requestBody:
        application/json: {"name": "<value>", "phoneNumber": "1-697-351-3400 x33934", "setAsDefault": false}
      responses:
        "201":
          application/json: {"id": "sender_12345", "name": "Primary sender", "phoneNumber": "+13125551212", "isDefault": false}
        "400":
          application/json: {"code": "invalid_request", "message": "Phone number is invalid"}
  getSender:
    speakeasy-default-get-sender:
      parameters:
        path:
          senderId: "<id>"
      responses:
        "200":
          application/json: {"id": "sender_12345", "name": "Primary sender", "phoneNumber": "+13125551212", "isDefault": false}
        "401":
          application/json: {"code": "invalid_request", "message": "Phone number is invalid"}
  updateSender:
    speakeasy-default-update-sender:
      parameters:
        path:
          senderId: "<id>"
      requestBody:
        application/json: {}
      responses:
        "200":
          application/json: {"id": "sender_12345", "name": "Primary sender", "phoneNumber": "+13125551212", "isDefault": false}
        "400":
          application/json: {"code": "invalid_request", "message": "Phone number is invalid"}
  deleteSender:
    speakeasy-default-delete-sender:
      parameters:
        path:
          senderId: "<id>"
      responses:
        "400":
          application/json: {"code": "invalid_request", "message": "Phone number is invalid"}
  listContacts:
    speakeasy-default-list-contacts:
      parameters:
        query:
          limit: 50
      responses:
        "200":
          application/json: {"items": []}
        "401":
          application/json: {"code": "invalid_request", "message": "Phone number is invalid"}
  getContact:
    speakeasy-default-get-contact:
      parameters:
        path:
          contactId: "<id>"
      responses:
        "200":
          application/json: {"id": "<id>", "phoneNumber": "+56912345678", "countryCode": "CL"}
        "401":
          application/json: {"code": "invalid_request", "message": "Phone number is invalid"}
  updateContact:
    speakeasy-default-update-contact:
      parameters:
        path:
          contactId: "<id>"
      requestBody:
        application/json: {}
      responses:
        "200":
          application/json: {"id": "<id>", "phoneNumber": "+56912345678", "countryCode": "CL"}
        "400":
          application/json: {"code": "invalid_request", "message": "Phone number is invalid"}
  getContactByPhone:
    speakeasy-default-get-contact-by-phone:
      parameters:
        path:
          phoneNumber: "397-335-4175 x077"
      responses:
        "200":
          application/json: {"id": "<id>", "phoneNumber": "+56912345678", "countryCode": "CL"}
        "401":
          application/json: {"code": "invalid_request", "message": "Phone number is invalid"}
  introspectPhone:
    speakeasy-default-introspect-phone:
      requestBody:
        application/json: {"phoneNumber": "+56912345678"}
      responses:
        "200":
          application/json: {"phoneNumber": "810.798.7795 x9731", "countryCode": "CL", "validNumber": true}
        "400":
          application/json: {"code": "invalid_request", "message": "Phone number is invalid"}
examplesVersion: 1.0.2
